
Microsoft Visual Studio Solution File, Format Version 12.00
# Visual Studio 15
Project("{FAE04EC0-301F-11D3-BF4B-00C04F79EFBC}") = "RPGgame", "Assembly-CSharp.csproj", "{C81248A9-9DF7-F925-C658-71B216640B53}"
EndProject
Global
	GlobalSection(SolutionConfigurationPlatforms) = preSolution
		Debug|Any CPU = Debug|Any CPU
		Release|Any CPU = Release|Any CPU
	EndGlobalSection
	GlobalSection(ProjectConfigurationPlatforms) = postSolution
		{C81248A9-9DF7-F925-C658-71B216640B53}.Debug|Any CPU.ActiveCfg = Debug|Any CPU
		{C81248A9-9DF7-F925-C658-71B216640B53}.Debug|Any CPU.Build.0 = Debug|Any CPU
		{C81248A9-9DF7-F925-C658-71B216640B53}.Release|Any CPU.ActiveCfg = Release|Any CPU
		{C81248A9-9DF7-F925-C658-71B216640B53}.Release|Any CPU.Build.0 = Release|Any CPU
	EndGlobalSection
	GlobalSection(SolutionProperties) = preSolution
		HideSolutionNode = FALSE
	EndGlobalSection
EndGlobal
